
Microsoft Visual Studio Solution File, Format Version 12.00
# Visual Studio 2013
VisualStudioVersion = 12.0.21005.1
MinimumVisualStudioVersion = 10.0.40219.1
Project("{FAE04EC0-301F-11D3-BF4B-00C04F79EFBC}") = "HeartStoneAssistant", "HeartStoneAssistant\HeartStoneAssistant.csproj", "{38EB9CCF-CDF5-4D22-AD59-52E5F4E74919}"
EndProject
Project("{FAE04EC0-301F-11D3-BF4B-00C04F79EFBC}") = "Resource", "Resource\Resource.csproj", "{194894F1-7BEC-4B14-AEF7-155D80FD5C39}"
EndProject
Project("{FAE04EC0-301F-11D3-BF4B-00C04F79EFBC}") = "Infrastructure", "Infrastructure\Infrastructure.csproj", "{1F74B0BC-1711-4F7B-A915-2A07B08FD976}"
EndProject
Global
	GlobalSection(SolutionConfigurationPlatforms) = preSolution
		Debug|Any CPU = Debug|Any CPU
		Release|Any CPU = Release|Any CPU
	EndGlobalSection
	GlobalSection(ProjectConfigurationPlatforms) = postSolution
		{38EB9CCF-CDF5-4D22-AD59-52E5F4E74919}.Debug|Any CPU.ActiveCfg = Debug|Any CPU
		{38EB9CCF-CDF5-4D22-AD59-52E5F4E74919}.Debug|Any CPU.Build.0 = Debug|Any CPU
		{38EB9CCF-CDF5-4D22-AD59-52E5F4E74919}.Release|Any CPU.ActiveCfg = Release|Any CPU
		{38EB9CCF-CDF5-4D22-AD59-52E5F4E74919}.Release|Any CPU.Build.0 = Release|Any CPU
		{194894F1-7BEC-4B14-AEF7-155D80FD5C39}.Debug|Any CPU.ActiveCfg = Debug|Any CPU
		{194894F1-7BEC-4B14-AEF7-155D80FD5C39}.Debug|Any CPU.Build.0 = Debug|Any CPU
		{194894F1-7BEC-4B14-AEF7-155D80FD5C39}.Release|Any CPU.ActiveCfg = Release|Any CPU
		{194894F1-7BEC-4B14-AEF7-155D80FD5C39}.Release|Any CPU.Build.0 = Release|Any CPU
		{1F74B0BC-1711-4F7B-A915-2A07B08FD976}.Debug|Any CPU.ActiveCfg = Debug|Any CPU
		{1F74B0BC-1711-4F7B-A915-2A07B08FD976}.Debug|Any CPU.Build.0 = Debug|Any CPU
		{1F74B0BC-1711-4F7B-A915-2A07B08FD976}.Release|Any CPU.ActiveCfg = Release|Any CPU
		{1F74B0BC-1711-4F7B-A915-2A07B08FD976}.Release|Any CPU.Build.0 = Release|Any CPU
	EndGlobalSection
	GlobalSection(SolutionProperties) = preSolution
		HideSolutionNode = FALSE
	EndGlobalSection
EndGlobal
